// !$*UTF8*$!
{
	archiveVersion = 1;
	classes = {
	};
	objectVersion = 46;
	objects = {

/* Begin PBXBuildFile section */
		173D292D1AA1779F009945FC /* MBFooterTextCell.h in Headers */ = {isa = PBXBuildFile; fileRef = 173D292B1AA1779F009945FC /* MBFooterTextCell.h */; settings = {ATTRIBUTES = (Public, ); }; };
		173D292E1AA1779F009945FC /* MBFooterTextCell.m in Sources */ = {isa = PBXBuildFile; fileRef = 173D292C1AA1779F009945FC /* MBFooterTextCell.m */; };
		8D11072D0486CEB800E47090 /* main.m in Sources */ = {isa = PBXBuildFile; fileRef = 29B97316FDCFA39411CA2CEA /* main.m */; settings = {ATTRIBUTES = (); }; };
		8D11072F0486CEB800E47090 /* Cocoa.framework in Frameworks */ = {isa = PBXBuildFile; fileRef = 1058C7A1FEA54F0111CA2CBB /* Cocoa.framework */; };
		C63DB4CD1A19E2F70069BF5D /* QuickLook.framework in Frameworks */ = {isa = PBXBuildFile; fileRef = C63DB4CB1A19DA030069BF5D /* QuickLook.framework */; };
		C63DB4CE1A19E3C40069BF5D /* Quartz.framework in Frameworks */ = {isa = PBXBuildFile; fileRef = C646837F18DB8634008700EF /* Quartz.framework */; };
		C63F9EB6186AE60C00DB171F /* sort-asc.png in Resources */ = {isa = PBXBuildFile; fileRef = C63F9EB2186AE60C00DB171F /* sort-asc.png */; };
		C63F9EB7186AE60C00DB171F /* sort-asc@2x.png in Resources */ = {isa = PBXBuildFile; fileRef = C63F9EB3186AE60C00DB171F /* sort-asc@2x.png */; };
		C63F9EB8186AE60C00DB171F /* sort-desc.png in Resources */ = {isa = PBXBuildFile; fileRef = C63F9EB4186AE60C00DB171F /* sort-desc.png */; };
		C63F9EB9186AE60C00DB171F /* sort-desc@2x.png in Resources */ = {isa = PBXBuildFile; fileRef = C63F9EB5186AE60C00DB171F /* sort-desc@2x.png */; };
		C646838118DB8658008700EF /* QuartzCore.framework in Frameworks */ = {isa = PBXBuildFile; fileRef = C646837D18DB862A008700EF /* QuartzCore.framework */; };
		C646838218DB8897008700EF /* QuartzCore.framework in Frameworks */ = {isa = PBXBuildFile; fileRef = C646837D18DB862A008700EF /* QuartzCore.framework */; };
		C6AB1C291A15F0DF0092B29C /* rose.jpg in Resources */ = {isa = PBXBuildFile; fileRef = C6AB1C281A15F0DF0092B29C /* rose.jpg */; };
		C6AB1C2E1A16B18B0092B29C /* acc-quicklook.png in Resources */ = {isa = PBXBuildFile; fileRef = C6AB1C2C1A16B18B0092B29C /* acc-quicklook.png */; };
		C6AB1C2F1A16B18B0092B29C /* acc-quicklook@2x.png in Resources */ = {isa = PBXBuildFile; fileRef = C6AB1C2D1A16B18B0092B29C /* acc-quicklook@2x.png */; };
		C6BF26871A4AC4EE008EB93F /* MBTableGridFooterView.m in Sources */ = {isa = PBXBuildFile; fileRef = C6BF26861A4AC4EE008EB93F /* MBTableGridFooterView.m */; };
		C6BF26891A4AC502008EB93F /* MBTableGridFooterView.h in Headers */ = {isa = PBXBuildFile; fileRef = C6BF26881A4AC502008EB93F /* MBTableGridFooterView.h */; settings = {ATTRIBUTES = (Public, ); }; };
		C9412A5F0D8AE98C00E9E614 /* MBTableGridController.m in Sources */ = {isa = PBXBuildFile; fileRef = C9412A5E0D8AE98C00E9E614 /* MBTableGridController.m */; };
		CA46E3621A09726A00C43B4B /* MBTableGridEditable.h in Headers */ = {isa = PBXBuildFile; fileRef = CA46E3611A09726A00C43B4B /* MBTableGridEditable.h */; settings = {ATTRIBUTES = (Public, ); }; };
		DC7EBF4123D2157B00F75351 /* MBTableGridContentScrollView.h in Headers */ = {isa = PBXBuildFile; fileRef = DC7EBF3F23D2157B00F75351 /* MBTableGridContentScrollView.h */; };
		DC7EBF4223D2157B00F75351 /* MBTableGridContentScrollView.m in Sources */ = {isa = PBXBuildFile; fileRef = DC7EBF4023D2157B00F75351 /* MBTableGridContentScrollView.m */; };
		DC7EBF4523D217DC00F75351 /* MBTableGridVirtualString.h in Headers */ = {isa = PBXBuildFile; fileRef = DC7EBF4323D217DC00F75351 /* MBTableGridVirtualString.h */; };
		DC7EBF4623D217DC00F75351 /* MBTableGridVirtualString.m in Sources */ = {isa = PBXBuildFile; fileRef = DC7EBF4423D217DC00F75351 /* MBTableGridVirtualString.m */; };
		DC7EBF4923D21AE800F75351 /* MBTableGridTextFinderClient.h in Headers */ = {isa = PBXBuildFile; fileRef = DC7EBF4723D21AE800F75351 /* MBTableGridTextFinderClient.h */; };
		DC7EBF4A23D21AE800F75351 /* MBTableGridTextFinderClient.m in Sources */ = {isa = PBXBuildFile; fileRef = DC7EBF4823D21AE800F75351 /* MBTableGridTextFinderClient.m */; };
		DCDB6EDB23C905C200F348EB /* MainMenu.xib in Resources */ = {isa = PBXBuildFile; fileRef = DCDB6EDA23C905C200F348EB /* MainMenu.xib */; };
		E2E62BAC1781C33500F36275 /* Cocoa.framework in Frameworks */ = {isa = PBXBuildFile; fileRef = E2E62BAB1781C33400F36275 /* Cocoa.framework */; };
		E2E62BBA1781C37300F36275 /* MBTableGrid.m in Sources */ = {isa = PBXBuildFile; fileRef = C9412A3E0D8A061C00E9E614 /* MBTableGrid.m */; };
		E2E62BBB1781C37600F36275 /* MBTableGridContentView.m in Sources */ = {isa = PBXBuildFile; fileRef = C9412B210D8B2C5E00E9E614 /* MBTableGridContentView.m */; };
		E2E62BBC1781C37800F36275 /* MBTableGridHeaderView.m in Sources */ = {isa = PBXBuildFile; fileRef = C9412B390D8B2F5400E9E614 /* MBTableGridHeaderView.m */; };
		E2E62BBD1781C37B00F36275 /* MBTableGridHeaderCell.m in Sources */ = {isa = PBXBuildFile; fileRef = C9412A4A0D8A294F00E9E614 /* MBTableGridHeaderCell.m */; };
		E2E62BBE1781C38000F36275 /* MBTableGridCell.m in Sources */ = {isa = PBXBuildFile; fileRef = C9412D7C0D8B5AB900E9E614 /* MBTableGridCell.m */; };
		E2E62BBF1781C3FE00F36275 /* MBTableGrid.framework in Frameworks */ = {isa = PBXBuildFile; fileRef = E2E62BAA1781C33400F36275 /* MBTableGrid.framework */; };
		E2E62BF71781C53800F36275 /* MBTableGrid.h in Headers */ = {isa = PBXBuildFile; fileRef = C9412A3D0D8A061C00E9E614 /* MBTableGrid.h */; settings = {ATTRIBUTES = (Public, ); }; };
		E2E62BF81781C53800F36275 /* MBTableGridContentView.h in Headers */ = {isa = PBXBuildFile; fileRef = C9412B200D8B2C5E00E9E614 /* MBTableGridContentView.h */; settings = {ATTRIBUTES = (Public, ); }; };
		E2E62BF91781C53800F36275 /* MBTableGridHeaderView.h in Headers */ = {isa = PBXBuildFile; fileRef = C9412B380D8B2F5400E9E614 /* MBTableGridHeaderView.h */; settings = {ATTRIBUTES = (Public, ); }; };
		E2E62BFA1781C53800F36275 /* MBTableGridHeaderCell.h in Headers */ = {isa = PBXBuildFile; fileRef = C9412A490D8A294F00E9E614 /* MBTableGridHeaderCell.h */; settings = {ATTRIBUTES = (Public, ); }; };
		E2E62BFB1781C53800F36275 /* MBTableGridCell.h in Headers */ = {isa = PBXBuildFile; fileRef = C9412D7B0D8B5AB900E9E614 /* MBTableGridCell.h */; settings = {ATTRIBUTES = (Public, ); }; };
/* End PBXBuildFile section */

/* Begin PBXFileReference section */
		1058C7A1FEA54F0111CA2CBB /* Cocoa.framework */ = {isa = PBXFileReference; lastKnownFileType = wrapper.framework; name = Cocoa.framework; path = /System/Library/Frameworks/Cocoa.framework; sourceTree = "<absolute>"; };
		13E42FB307B3F0F600E4EEF1 /* CoreData.framework */ = {isa = PBXFileReference; lastKnownFileType = wrapper.framework; name = CoreData.framework; path = /System/Library/Frameworks/CoreData.framework; sourceTree = "<absolute>"; };
		173D292B1AA1779F009945FC /* MBFooterTextCell.h */ = {isa = PBXFileReference; fileEncoding = 4; lastKnownFileType = sourcecode.c.h; path = MBFooterTextCell.h; sourceTree = SOURCE_ROOT; };
		173D292C1AA1779F009945FC /* MBFooterTextCell.m */ = {isa = PBXFileReference; fileEncoding = 4; lastKnownFileType = sourcecode.c.objc; path = MBFooterTextCell.m; sourceTree = SOURCE_ROOT; };
		29B97316FDCFA39411CA2CEA /* main.m */ = {isa = PBXFileReference; fileEncoding = 4; lastKnownFileType = sourcecode.c.objc; path = main.m; sourceTree = "<group>"; };
		29B97324FDCFA39411CA2CEA /* AppKit.framework */ = {isa = PBXFileReference; lastKnownFileType = wrapper.framework; name = AppKit.framework; path = /System/Library/Frameworks/AppKit.framework; sourceTree = "<absolute>"; };
		29B97325FDCFA39411CA2CEA /* Foundation.framework */ = {isa = PBXFileReference; lastKnownFileType = wrapper.framework; name = Foundation.framework; path = /System/Library/Frameworks/Foundation.framework; sourceTree = "<absolute>"; };
		32CA4F630368D1EE00C91783 /* MBTableGrid_Prefix.pch */ = {isa = PBXFileReference; fileEncoding = 4; lastKnownFileType = sourcecode.c.h; path = MBTableGrid_Prefix.pch; sourceTree = "<group>"; };
		8D1107310486CEB800E47090 /* Info.plist */ = {isa = PBXFileReference; fileEncoding = 4; lastKnownFileType = text.plist.xml; path = Info.plist; sourceTree = "<group>"; };
		8D1107320486CEB800E47090 /* MBTableGrid.app */ = {isa = PBXFileReference; explicitFileType = wrapper.application; includeInIndex = 0; path = MBTableGrid.app; sourceTree = BUILT_PRODUCTS_DIR; };
		C63DB4CB1A19DA030069BF5D /* QuickLook.framework */ = {isa = PBXFileReference; lastKnownFileType = wrapper.framework; name = QuickLook.framework; path = System/Library/Frameworks/QuickLook.framework; sourceTree = SDKROOT; };
		C63F9EB2186AE60C00DB171F /* sort-asc.png */ = {isa = PBXFileReference; lastKnownFileType = image.png; path = "sort-asc.png"; sourceTree = "<group>"; };
		C63F9EB3186AE60C00DB171F /* sort-asc@2x.png */ = {isa = PBXFileReference; lastKnownFileType = image.png; path = "sort-asc@2x.png"; sourceTree = "<group>"; };
		C63F9EB4186AE60C00DB171F /* sort-desc.png */ = {isa = PBXFileReference; lastKnownFileType = image.png; path = "sort-desc.png"; sourceTree = "<group>"; };
		C63F9EB5186AE60C00DB171F /* sort-desc@2x.png */ = {isa = PBXFileReference; lastKnownFileType = image.png; path = "sort-desc@2x.png"; sourceTree = "<group>"; };
		C646837D18DB862A008700EF /* QuartzCore.framework */ = {isa = PBXFileReference; lastKnownFileType = wrapper.framework; name = QuartzCore.framework; path = System/Library/Frameworks/QuartzCore.framework; sourceTree = SDKROOT; };
		C646837F18DB8634008700EF /* Quartz.framework */ = {isa = PBXFileReference; lastKnownFileType = wrapper.framework; name = Quartz.framework; path = System/Library/Frameworks/Quartz.framework; sourceTree = SDKROOT; };
		C6AB1C281A15F0DF0092B29C /* rose.jpg */ = {isa = PBXFileReference; lastKnownFileType = image.jpeg; path = rose.jpg; sourceTree = "<group>"; };
		C6AB1C2C1A16B18B0092B29C /* acc-quicklook.png */ = {isa = PBXFileReference; lastKnownFileType = image.png; path = "acc-quicklook.png"; sourceTree = "<group>"; };
		C6AB1C2D1A16B18B0092B29C /* acc-quicklook@2x.png */ = {isa = PBXFileReference; lastKnownFileType = image.png; path = "acc-quicklook@2x.png"; sourceTree = "<group>"; };
		C6BF26861A4AC4EE008EB93F /* MBTableGridFooterView.m */ = {isa = PBXFileReference; fileEncoding = 4; lastKnownFileType = sourcecode.c.objc; path = MBTableGridFooterView.m; sourceTree = SOURCE_ROOT; };
		C6BF26881A4AC502008EB93F /* MBTableGridFooterView.h */ = {isa = PBXFileReference; fileEncoding = 4; lastKnownFileType = sourcecode.c.h; path = MBTableGridFooterView.h; sourceTree = SOURCE_ROOT; };
		C9412A3D0D8A061C00E9E614 /* MBTableGrid.h */ = {isa = PBXFileReference; fileEncoding = 4; lastKnownFileType = sourcecode.c.h; path = MBTableGrid.h; sourceTree = SOURCE_ROOT; };
		C9412A3E0D8A061C00E9E614 /* MBTableGrid.m */ = {isa = PBXFileReference; fileEncoding = 4; lastKnownFileType = sourcecode.c.objc; path = MBTableGrid.m; sourceTree = SOURCE_ROOT; };
		C9412A490D8A294F00E9E614 /* MBTableGridHeaderCell.h */ = {isa = PBXFileReference; fileEncoding = 4; lastKnownFileType = sourcecode.c.h; path = MBTableGridHeaderCell.h; sourceTree = SOURCE_ROOT; };
		C9412A4A0D8A294F00E9E614 /* MBTableGridHeaderCell.m */ = {isa = PBXFileReference; fileEncoding = 4; lastKnownFileType = sourcecode.c.objc; path = MBTableGridHeaderCell.m; sourceTree = SOURCE_ROOT; };
		C9412A5D0D8AE98C00E9E614 /* MBTableGridController.h */ = {isa = PBXFileReference; fileEncoding = 4; lastKnownFileType = sourcecode.c.h; path = MBTableGridController.h; sourceTree = "<group>"; };
		C9412A5E0D8AE98C00E9E614 /* MBTableGridController.m */ = {isa = PBXFileReference; fileEncoding = 4; lastKnownFileType = sourcecode.c.objc; path = MBTableGridController.m; sourceTree = "<group>"; };
		C9412B200D8B2C5E00E9E614 /* MBTableGridContentView.h */ = {isa = PBXFileReference; fileEncoding = 4; lastKnownFileType = sourcecode.c.h; path = MBTableGridContentView.h; sourceTree = SOURCE_ROOT; };
		C9412B210D8B2C5E00E9E614 /* MBTableGridContentView.m */ = {isa = PBXFileReference; fileEncoding = 4; lastKnownFileType = sourcecode.c.objc; path = MBTableGridContentView.m; sourceTree = SOURCE_ROOT; };
		C9412B380D8B2F5400E9E614 /* MBTableGridHeaderView.h */ = {isa = PBXFileReference; fileEncoding = 4; lastKnownFileType = sourcecode.c.h; path = MBTableGridHeaderView.h; sourceTree = SOURCE_ROOT; };
		C9412B390D8B2F5400E9E614 /* MBTableGridHeaderView.m */ = {isa = PBXFileReference; fileEncoding = 4; lastKnownFileType = sourcecode.c.objc; path = MBTableGridHeaderView.m; sourceTree = SOURCE_ROOT; };
		C9412D7B0D8B5AB900E9E614 /* MBTableGridCell.h */ = {isa = PBXFileReference; fileEncoding = 4; lastKnownFileType = sourcecode.c.h; path = MBTableGridCell.h; sourceTree = SOURCE_ROOT; };
		C9412D7C0D8B5AB900E9E614 /* MBTableGridCell.m */ = {isa = PBXFileReference; fileEncoding = 4; lastKnownFileType = sourcecode.c.objc; path = MBTableGridCell.m; sourceTree = SOURCE_ROOT; };
		CA46E3611A09726A00C43B4B /* MBTableGridEditable.h */ = {isa = PBXFileReference; fileEncoding = 4; lastKnownFileType = sourcecode.c.h; path = MBTableGridEditable.h; sourceTree = SOURCE_ROOT; };
		DC7EBF3F23D2157B00F75351 /* MBTableGridContentScrollView.h */ = {isa = PBXFileReference; lastKnownFileType = sourcecode.c.h; path = MBTableGridContentScrollView.h; sourceTree = SOURCE_ROOT; };
		DC7EBF4023D2157B00F75351 /* MBTableGridContentScrollView.m */ = {isa = PBXFileReference; lastKnownFileType = sourcecode.c.objc; path = MBTableGridContentScrollView.m; sourceTree = SOURCE_ROOT; };
		DC7EBF4323D217DC00F75351 /* MBTableGridVirtualString.h */ = {isa = PBXFileReference; lastKnownFileType = sourcecode.c.h; path = MBTableGridVirtualString.h; sourceTree = SOURCE_ROOT; };
		DC7EBF4423D217DC00F75351 /* MBTableGridVirtualString.m */ = {isa = PBXFileReference; lastKnownFileType = sourcecode.c.objc; path = MBTableGridVirtualString.m; sourceTree = SOURCE_ROOT; };
		DC7EBF4723D21AE800F75351 /* MBTableGridTextFinderClient.h */ = {isa = PBXFileReference; lastKnownFileType = sourcecode.c.h; path = MBTableGridTextFinderClient.h; sourceTree = SOURCE_ROOT; };
		DC7EBF4823D21AE800F75351 /* MBTableGridTextFinderClient.m */ = {isa = PBXFileReference; lastKnownFileType = sourcecode.c.objc; path = MBTableGridTextFinderClient.m; sourceTree = SOURCE_ROOT; };
		DCDB6EDA23C905C200F348EB /* MainMenu.xib */ = {isa = PBXFileReference; lastKnownFileType = file.xib; path = MainMenu.xib; sourceTree = "<group>"; };
		E2E62BAA1781C33400F36275 /* MBTableGrid.framework */ = {isa = PBXFileReference; explicitFileType = wrapper.framework; includeInIndex = 0; path = MBTableGrid.framework; sourceTree = BUILT_PRODUCTS_DIR; };
		E2E62BAB1781C33400F36275 /* Cocoa.framework */ = {isa = PBXFileReference; lastKnownFileType = wrapper.framework; name = Cocoa.framework; path = System/Library/Frameworks/Cocoa.framework; sourceTree = SDKROOT; };
/* End PBXFileReference section */

/* Begin PBXFrameworksBuildPhase section */
		8D11072E0486CEB800E47090 /* Frameworks */ = {
			isa = PBXFrameworksBuildPhase;
			buildActionMask = 2147483647;
			files = (
				C63DB4CE1A19E3C40069BF5D /* Quartz.framework in Frameworks */,
				C63DB4CD1A19E2F70069BF5D /* QuickLook.framework in Frameworks */,
				8D11072F0486CEB800E47090 /* Cocoa.framework in Frameworks */,
				E2E62BBF1781C3FE00F36275 /* MBTableGrid.framework in Frameworks */,
				C646838118DB8658008700EF /* QuartzCore.framework in Frameworks */,
			);
			runOnlyForDeploymentPostprocessing = 0;
		};
		E2E62BA61781C33400F36275 /* Frameworks */ = {
			isa = PBXFrameworksBuildPhase;
			buildActionMask = 2147483647;
			files = (
				C646838218DB8897008700EF /* QuartzCore.framework in Frameworks */,
				E2E62BAC1781C33500F36275 /* Cocoa.framework in Frameworks */,
			);
			runOnlyForDeploymentPostprocessing = 0;
		};
/* End PBXFrameworksBuildPhase section */

/* Begin PBXGroup section */
		080E96DDFE201D6D7F000001 /* Classes */ = {
			isa = PBXGroup;
			children = (
				C9412A5D0D8AE98C00E9E614 /* MBTableGridController.h */,
				C9412A5E0D8AE98C00E9E614 /* MBTableGridController.m */,
			);
			name = Classes;
			sourceTree = "<group>";
		};
		1058C7A0FEA54F0111CA2CBB /* Linked Frameworks */ = {
			isa = PBXGroup;
			children = (
				1058C7A1FEA54F0111CA2CBB /* Cocoa.framework */,
			);
			name = "Linked Frameworks";
			sourceTree = "<group>";
		};
		1058C7A2FEA54F0111CA2CBB /* Other Frameworks */ = {
			isa = PBXGroup;
			children = (
				29B97324FDCFA39411CA2CEA /* AppKit.framework */,
				13E42FB307B3F0F600E4EEF1 /* CoreData.framework */,
				29B97325FDCFA39411CA2CEA /* Foundation.framework */,
			);
			name = "Other Frameworks";
			sourceTree = "<group>";
		};
		19C28FACFE9D520D11CA2CBB /* Products */ = {
			isa = PBXGroup;
			children = (
				8D1107320486CEB800E47090 /* MBTableGrid.app */,
				E2E62BAA1781C33400F36275 /* MBTableGrid.framework */,
			);
			name = Products;
			sourceTree = "<group>";
		};
		29B97314FDCFA39411CA2CEA /* MBTableGrid */ = {
			isa = PBXGroup;
			children = (
				080E96DDFE201D6D7F000001 /* Classes */,
				29B97315FDCFA39411CA2CEA /* Other Sources */,
				29B97317FDCFA39411CA2CEA /* Resources */,
				E2E62BAD1781C33500F36275 /* MBTableGrid */,
				29B97323FDCFA39411CA2CEA /* Frameworks */,
				19C28FACFE9D520D11CA2CBB /* Products */,
			);
			name = MBTableGrid;
			sourceTree = "<group>";
		};
		29B97315FDCFA39411CA2CEA /* Other Sources */ = {
			isa = PBXGroup;
			children = (
				32CA4F630368D1EE00C91783 /* MBTableGrid_Prefix.pch */,
				29B97316FDCFA39411CA2CEA /* main.m */,
			);
			name = "Other Sources";
			sourceTree = "<group>";
		};
		29B97317FDCFA39411CA2CEA /* Resources */ = {
			isa = PBXGroup;
			children = (
				8D1107310486CEB800E47090 /* Info.plist */,
				C63F9EB2186AE60C00DB171F /* sort-asc.png */,
				C63F9EB3186AE60C00DB171F /* sort-asc@2x.png */,
				C63F9EB4186AE60C00DB171F /* sort-desc.png */,
				DCDB6EDA23C905C200F348EB /* MainMenu.xib */,
				C63F9EB5186AE60C00DB171F /* sort-desc@2x.png */,
				C6AB1C281A15F0DF0092B29C /* rose.jpg */,
				C6AB1C2C1A16B18B0092B29C /* acc-quicklook.png */,
				C6AB1C2D1A16B18B0092B29C /* acc-quicklook@2x.png */,
			);
			name = Resources;
			sourceTree = "<group>";
		};
		29B97323FDCFA39411CA2CEA /* Frameworks */ = {
			isa = PBXGroup;
			children = (
				C63DB4CB1A19DA030069BF5D /* QuickLook.framework */,
				C646837F18DB8634008700EF /* Quartz.framework */,
				C646837D18DB862A008700EF /* QuartzCore.framework */,
				1058C7A0FEA54F0111CA2CBB /* Linked Frameworks */,
				E2E62BAB1781C33400F36275 /* Cocoa.framework */,
				1058C7A2FEA54F0111CA2CBB /* Other Frameworks */,
			);
			name = Frameworks;
			sourceTree = "<group>";
		};
		E2E62BAD1781C33500F36275 /* MBTableGrid */ = {
			isa = PBXGroup;
			children = (
				C9412A3D0D8A061C00E9E614 /* MBTableGrid.h */,
				C9412A3E0D8A061C00E9E614 /* MBTableGrid.m */,
				C9412B200D8B2C5E00E9E614 /* MBTableGridContentView.h */,
				C9412B210D8B2C5E00E9E614 /* MBTableGridContentView.m */,
				DC7EBF3F23D2157B00F75351 /* MBTableGridContentScrollView.h */,
				DC7EBF4023D2157B00F75351 /* MBTableGridContentScrollView.m */,
				DC7EBF4323D217DC00F75351 /* MBTableGridVirtualString.h */,
				DC7EBF4423D217DC00F75351 /* MBTableGridVirtualString.m */,
				DC7EBF4723D21AE800F75351 /* MBTableGridTextFinderClient.h */,
				DC7EBF4823D21AE800F75351 /* MBTableGridTextFinderClient.m */,
				C6BF26881A4AC502008EB93F /* MBTableGridFooterView.h */,
				C6BF26861A4AC4EE008EB93F /* MBTableGridFooterView.m */,
				C9412B380D8B2F5400E9E614 /* MBTableGridHeaderView.h */,
				C9412B390D8B2F5400E9E614 /* MBTableGridHeaderView.m */,
				173D292B1AA1779F009945FC /* MBFooterTextCell.h */,
				173D292C1AA1779F009945FC /* MBFooterTextCell.m */,
				C9412A490D8A294F00E9E614 /* MBTableGridHeaderCell.h */,
				C9412A4A0D8A294F00E9E614 /* MBTableGridHeaderCell.m */,
				C9412D7B0D8B5AB900E9E614 /* MBTableGridCell.h */,
				C9412D7C0D8B5AB900E9E614 /* MBTableGridCell.m */,
				CA46E3611A09726A00C43B4B /* MBTableGridEditable.h */,
			);
			path = MBTableGrid;
			sourceTree = "<group>";
		};
/* End PBXGroup section */

/* Begin PBXHeadersBuildPhase section */
		E2E62BA71781C33400F36275 /* Headers */ = {
			isa = PBXHeadersBuildPhase;
			buildActionMask = 2147483647;
			files = (
				173D292D1AA1779F009945FC /* MBFooterTextCell.h in Headers */,
				E2E62BFB1781C53800F36275 /* MBTableGridCell.h in Headers */,
				CA46E3621A09726A00C43B4B /* MBTableGridEditable.h in Headers */,
				DC7EBF4123D2157B00F75351 /* MBTableGridContentScrollView.h in Headers */,
				E2E62BFA1781C53800F36275 /* MBTableGridHeaderCell.h in Headers */,
				DC7EBF4923D21AE800F75351 /* MBTableGridTextFinderClient.h in Headers */,
				E2E62BF71781C53800F36275 /* MBTableGrid.h in Headers */,
				E2E62BF81781C53800F36275 /* MBTableGridContentView.h in Headers */,
				E2E62BF91781C53800F36275 /* MBTableGridHeaderView.h in Headers */,
				C6BF26891A4AC502008EB93F /* MBTableGridFooterView.h in Headers */,
				DC7EBF4523D217DC00F75351 /* MBTableGridVirtualString.h in Headers */,
			);
			runOnlyForDeploymentPostprocessing = 0;
		};
/* End PBXHeadersBuildPhase section */

/* Begin PBXNativeTarget section */
		8D1107260486CEB800E47090 /* MBTableGridDemo */ = {
			isa = PBXNativeTarget;
			buildConfigurationList = C01FCF4A08A954540054247B /* Build configuration list for PBXNativeTarget "MBTableGridDemo" */;
			buildPhases = (
				8D1107290486CEB800E47090 /* Resources */,
				8D11072C0486CEB800E47090 /* Sources */,
				8D11072E0486CEB800E47090 /* Frameworks */,
			);
			buildRules = (
			);
			dependencies = (
			);
			name = MBTableGridDemo;
			productInstallPath = "$(HOME)/Applications";
			productName = MBTableGrid;
			productReference = 8D1107320486CEB800E47090 /* MBTableGrid.app */;
			productType = "com.apple.product-type.application";
		};
		E2E62BA91781C33400F36275 /* MBTableGrid */ = {
			isa = PBXNativeTarget;
			buildConfigurationList = E2E62BB71781C33500F36275 /* Build configuration list for PBXNativeTarget "MBTableGrid" */;
			buildPhases = (
				E2E62BA51781C33400F36275 /* Sources */,
				E2E62BA61781C33400F36275 /* Frameworks */,
				E2E62BA71781C33400F36275 /* Headers */,
				E2E62BA81781C33400F36275 /* Resources */,
			);
			buildRules = (
			);
			dependencies = (
			);
			name = MBTableGrid;
			productName = MBTableGrid;
			productReference = E2E62BAA1781C33400F36275 /* MBTableGrid.framework */;
			productType = "com.apple.product-type.framework";
		};
/* End PBXNativeTarget section */

/* Begin PBXProject section */
		29B97313FDCFA39411CA2CEA /* Project object */ = {
			isa = PBXProject;
			attributes = {
				LastUpgradeCheck = 0930;
			};
			buildConfigurationList = C01FCF4E08A954540054247B /* Build configuration list for PBXProject "MBTableGrid" */;
			compatibilityVersion = "Xcode 3.2";
			developmentRegion = en;
			hasScannedForEncodings = 1;
			knownRegions = (
				en,
				nl,
			);
			mainGroup = 29B97314FDCFA39411CA2CEA /* MBTableGrid */;
			projectDirPath = "";
			projectRoot = "";
			targets = (
				8D1107260486CEB800E47090 /* MBTableGridDemo */,
				E2E62BA91781C33400F36275 /* MBTableGrid */,
			);
		};
/* End PBXProject section */

/* Begin PBXResourcesBuildPhase section */
		8D1107290486CEB800E47090 /* Resources */ = {
			isa = PBXResourcesBuildPhase;
			buildActionMask = 2147483647;
			files = (
				C63F9EB7186AE60C00DB171F /* sort-asc@2x.png in Resources */,
				DCDB6EDB23C905C200F348EB /* MainMenu.xib in Resources */,
				C6AB1C2F1A16B18B0092B29C /* acc-quicklook@2x.png in Resources */,
				C63F9EB8186AE60C00DB171F /* sort-desc.png in Resources */,
				C6AB1C2E1A16B18B0092B29C /* acc-quicklook.png in Resources */,
				C63F9EB6186AE60C00DB171F /* sort-asc.png in Resources */,
				C6AB1C291A15F0DF0092B29C /* rose.jpg in Resources */,
				C63F9EB9186AE60C00DB171F /* sort-desc@2x.png in Resources */,
			);
			runOnlyForDeploymentPostprocessing = 0;
		};
		E2E62BA81781C33400F36275 /* Resources */ = {
			isa = PBXResourcesBuildPhase;
			buildActionMask = 2147483647;
			files = (
			);
			runOnlyForDeploymentPostprocessing = 0;
		};
/* End PBXResourcesBuildPhase section */

/* Begin PBXSourcesBuildPhase section */
		8D11072C0486CEB800E47090 /* Sources */ = {
			isa = PBXSourcesBuildPhase;
			buildActionMask = 2147483647;
			files = (
				8D11072D0486CEB800E47090 /* main.m in Sources */,
				C9412A5F0D8AE98C00E9E614 /* MBTableGridController.m in Sources */,
			);
			runOnlyForDeploymentPostprocessing = 0;
		};
		E2E62BA51781C33400F36275 /* Sources */ = {
			isa = PBXSourcesBuildPhase;
			buildActionMask = 2147483647;
			files = (
				E2E62BBA1781C37300F36275 /* MBTableGrid.m in Sources */,
				DC7EBF4A23D21AE800F75351 /* MBTableGridTextFinderClient.m in Sources */,
				C6BF26871A4AC4EE008EB93F /* MBTableGridFooterView.m in Sources */,
				DC7EBF4623D217DC00F75351 /* MBTableGridVirtualString.m in Sources */,
				E2E62BBB1781C37600F36275 /* MBTableGridContentView.m in Sources */,
				DC7EBF4223D2157B00F75351 /* MBTableGridContentScrollView.m in Sources */,
				E2E62BBC1781C37800F36275 /* MBTableGridHeaderView.m in Sources */,
				173D292E1AA1779F009945FC /* MBFooterTextCell.m in Sources */,
				E2E62BBD1781C37B00F36275 /* MBTableGridHeaderCell.m in Sources */,
				E2E62BBE1781C38000F36275 /* MBTableGridCell.m in Sources */,
			);
			runOnlyForDeploymentPostprocessing = 0;
		};
/* End PBXSourcesBuildPhase section */

/* Begin XCBuildConfiguration section */
		C01FCF4B08A954540054247B /* Debug */ = {
			isa = XCBuildConfiguration;
			buildSettings = {
				ALWAYS_SEARCH_USER_PATHS = NO;
				CLANG_ENABLE_OBJC_ARC = YES;
				COMBINE_HIDPI_IMAGES = YES;
				COPY_PHASE_STRIP = NO;
				GCC_DYNAMIC_NO_PIC = NO;
				GCC_MODEL_TUNING = G5;
				GCC_OPTIMIZATION_LEVEL = 0;
				GCC_PRECOMPILE_PREFIX_HEADER = YES;
				GCC_PREFIX_HEADER = MBTableGrid_Prefix.pch;
				INFOPLIST_FILE = Info.plist;
				INSTALL_PATH = "$(HOME)/Applications";
				MACOSX_DEPLOYMENT_TARGET = 10.8;
				PRODUCT_BUNDLE_IDENTIFIER = com.yourcompany.MBTableGrid;
				PRODUCT_NAME = MBTableGrid;
				SDKROOT = macosx;
			};
			name = Debug;
		};
		C01FCF4C08A954540054247B /* Release */ = {
			isa = XCBuildConfiguration;
			buildSettings = {
				ALWAYS_SEARCH_USER_PATHS = NO;
				CLANG_ENABLE_OBJC_ARC = YES;
				COMBINE_HIDPI_IMAGES = YES;
				DEBUG_INFORMATION_FORMAT = "dwarf-with-dsym";
				GCC_MODEL_TUNING = G5;
				GCC_PRECOMPILE_PREFIX_HEADER = YES;
				GCC_PREFIX_HEADER = MBTableGrid_Prefix.pch;
				INFOPLIST_FILE = Info.plist;
				INSTALL_PATH = "$(HOME)/Applications";
				MACOSX_DEPLOYMENT_TARGET = 10.8;
				PRODUCT_BUNDLE_IDENTIFIER = com.yourcompany.MBTableGrid;
				PRODUCT_NAME = MBTableGrid;
				SDKROOT = macosx;
			};
			name = Release;
		};
		C01FCF4F08A954540054247B /* Debug */ = {
			isa = XCBuildConfiguration;
			buildSettings = {
				ALWAYS_SEARCH_USER_PATHS = NO;
				CLANG_ANALYZER_LOCALIZABILITY_NONLOCALIZED = YES;
				CLANG_WARN_BLOCK_CAPTURE_AUTORELEASING = YES;
				CLANG_WARN_BOOL_CONVERSION = YES;
				CLANG_WARN_COMMA = YES;
				CLANG_WARN_CONSTANT_CONVERSION = YES;
				CLANG_WARN_DEPRECATED_OBJC_IMPLEMENTATIONS = YES;
				CLANG_WARN_EMPTY_BODY = YES;
				CLANG_WARN_ENUM_CONVERSION = YES;
				CLANG_WARN_INFINITE_RECURSION = YES;
				CLANG_WARN_INT_CONVERSION = YES;
				CLANG_WARN_NON_LITERAL_NULL_CONVERSION = YES;
				CLANG_WARN_OBJC_IMPLICIT_RETAIN_SELF = YES;
				CLANG_WARN_OBJC_LITERAL_CONVERSION = YES;
				CLANG_WARN_RANGE_LOOP_ANALYSIS = YES;
				CLANG_WARN_STRICT_PROTOTYPES = YES;
				CLANG_WARN_SUSPICIOUS_MOVE = YES;
				CLANG_WARN_UNREACHABLE_CODE = YES;
				CLANG_WARN__DUPLICATE_METHOD_MATCH = YES;
				ENABLE_STRICT_OBJC_MSGSEND = YES;
				ENABLE_TESTABILITY = YES;
				GCC_NO_COMMON_BLOCKS = YES;
				GCC_OPTIMIZATION_LEVEL = 0;
				GCC_WARN_64_TO_32_BIT_CONVERSION = YES;
				GCC_WARN_ABOUT_RETURN_TYPE = YES;
				GCC_WARN_UNDECLARED_SELECTOR = YES;
				GCC_WARN_UNINITIALIZED_AUTOS = YES;
				GCC_WARN_UNUSED_FUNCTION = YES;
				GCC_WARN_UNUSED_VARIABLE = YES;
				ONLY_ACTIVE_ARCH = YES;
				SDKROOT = macosx;
			};
			name = Debug;
		};
		C01FCF5008A954540054247B /* Release */ = {
			isa = XCBuildConfiguration;
			buildSettings = {
				ALWAYS_SEARCH_USER_PATHS = NO;
				CLANG_ANALYZER_LOCALIZABILITY_NONLOCALIZED = YES;
				CLANG_WARN_BLOCK_CAPTURE_AUTORELEASING = YES;
				CLANG_WARN_BOOL_CONVERSION = YES;
				CLANG_WARN_COMMA = YES;
				CLANG_WARN_CONSTANT_CONVERSION = YES;
				CLANG_WARN_DEPRECATED_OBJC_IMPLEMENTATIONS = YES;
				CLANG_WARN_EMPTY_BODY = YES;
				CLANG_WARN_ENUM_CONVERSION = YES;
				CLANG_WARN_INFINITE_RECURSION = YES;
				CLANG_WARN_INT_CONVERSION = YES;
				CLANG_WARN_NON_LITERAL_NULL_CONVERSION = YES;
				CLANG_WARN_OBJC_IMPLICIT_RETAIN_SELF = YES;
				CLANG_WARN_OBJC_LITERAL_CONVERSION = YES;
				CLANG_WARN_RANGE_LOOP_ANALYSIS = YES;
				CLANG_WARN_STRICT_PROTOTYPES = YES;
				CLANG_WARN_SUSPICIOUS_MOVE = YES;
				CLANG_WARN_UNREACHABLE_CODE = YES;
				CLANG_WARN__DUPLICATE_METHOD_MATCH = YES;
				ENABLE_STRICT_OBJC_MSGSEND = YES;
				GCC_NO_COMMON_BLOCKS = YES;
				GCC_WARN_64_TO_32_BIT_CONVERSION = YES;
				GCC_WARN_ABOUT_RETURN_TYPE = YES;
				GCC_WARN_UNDECLARED_SELECTOR = YES;
				GCC_WARN_UNINITIALIZED_AUTOS = YES;
				GCC_WARN_UNUSED_FUNCTION = YES;
				GCC_WARN_UNUSED_VARIABLE = YES;
				SDKROOT = macosx;
			};
			name = Release;
		};
		E2E62BB81781C33500F36275 /* Debug */ = {
			isa = XCBuildConfiguration;
			buildSettings = {
				CLANG_CXX_LANGUAGE_STANDARD = "gnu++0x";
				CLANG_CXX_LIBRARY = "libc++";
				CLANG_ENABLE_OBJC_ARC = YES;
				CLANG_WARN_CONSTANT_CONVERSION = YES;
				CLANG_WARN_EMPTY_BODY = YES;
				CLANG_WARN_ENUM_CONVERSION = YES;
				CLANG_WARN_INT_CONVERSION = YES;
				CLANG_WARN__DUPLICATE_METHOD_MATCH = YES;
				COMBINE_HIDPI_IMAGES = YES;
				COPY_PHASE_STRIP = NO;
				DYLIB_COMPATIBILITY_VERSION = 1;
				DYLIB_CURRENT_VERSION = 1;
				FRAMEWORK_VERSION = A;
				GCC_C_LANGUAGE_STANDARD = gnu99;
				GCC_DYNAMIC_NO_PIC = NO;
				GCC_ENABLE_OBJC_EXCEPTIONS = YES;
				GCC_PRECOMPILE_PREFIX_HEADER = YES;
				GCC_PREPROCESSOR_DEFINITIONS = (
					"DEBUG=1",
					"$(inherited)",
				);
				GCC_SYMBOLS_PRIVATE_EXTERN = NO;
				GCC_WARN_64_TO_32_BIT_CONVERSION = YES;
				GCC_WARN_UNINITIALIZED_AUTOS = YES;
				INFOPLIST_FILE = Info.plist;
				INSTALL_PATH = "@loader_path/../Frameworks";
				MACOSX_DEPLOYMENT_TARGET = 10.8;
				PRODUCT_BUNDLE_IDENTIFIER = com.yourcompany.MBTableGrid;
				PRODUCT_NAME = "$(TARGET_NAME)";
				SKIP_INSTALL = YES;
				WRAPPER_EXTENSION = framework;
			};
			name = Debug;
		};
		E2E62BB91781C33500F36275 /* Release */ = {
			isa = XCBuildConfiguration;
			buildSettings = {
				CLANG_CXX_LANGUAGE_STANDARD = "gnu++0x";
				CLANG_CXX_LIBRARY = "libc++";
				CLANG_ENABLE_OBJC_ARC = YES;
				CLANG_WARN_CONSTANT_CONVERSION = YES;
				CLANG_WARN_EMPTY_BODY = YES;
				CLANG_WARN_ENUM_CONVERSION = YES;
				CLANG_WARN_INT_CONVERSION = YES;
				CLANG_WARN__DUPLICATE_METHOD_MATCH = YES;
				COMBINE_HIDPI_IMAGES = YES;
				COPY_PHASE_STRIP = YES;
				DEBUG_INFORMATION_FORMAT = "dwarf-with-dsym";
				DYLIB_COMPATIBILITY_VERSION = 1;
				DYLIB_CURRENT_VERSION = 1;
				FRAMEWORK_VERSION = A;
				GCC_C_LANGUAGE_STANDARD = gnu99;
				GCC_ENABLE_OBJC_EXCEPTIONS = YES;
				GCC_PRECOMPILE_PREFIX_HEADER = YES;
				GCC_WARN_64_TO_32_BIT_CONVERSION = YES;
				GCC_WARN_UNINITIALIZED_AUTOS = YES;
				INFOPLIST_FILE = Info.plist;
				INSTALL_PATH = "@loader_path/../Frameworks";
				MACOSX_DEPLOYMENT_TARGET = 10.8;
				PRODUCT_BUNDLE_IDENTIFIER = com.yourcompany.MBTableGrid;
				PRODUCT_NAME = "$(TARGET_NAME)";
				SKIP_INSTALL = YES;
				WRAPPER_EXTENSION = framework;
			};
			name = Release;
		};
/* End XCBuildConfiguration section */

/* Begin XCConfigurationList section */
		C01FCF4A08A954540054247B /* Build configuration list for PBXNativeTarget "MBTableGridDemo" */ = {
			isa = XCConfigurationList;
			buildConfigurations = (
				C01FCF4B08A954540054247B /* Debug */,
				C01FCF4C08A954540054247B /* Release */,
			);
			defaultConfigurationIsVisible = 0;
			defaultConfigurationName = Release;
		};
		C01FCF4E08A954540054247B /* Build configuration list for PBXProject "MBTableGrid" */ = {
			isa = XCConfigurationList;
			buildConfigurations = (
				C01FCF4F08A954540054247B /* Debug */,
				C01FCF5008A954540054247B /* Release */,
			);
			defaultConfigurationIsVisible = 0;
			defaultConfigurationName = Release;
		};
		E2E62BB71781C33500F36275 /* Build configuration list for PBXNativeTarget "MBTableGrid" */ = {
			isa = XCConfigurationList;
			buildConfigurations = (
				E2E62BB81781C33500F36275 /* Debug */,
				E2E62BB91781C33500F36275 /* Release */,
			);
			defaultConfigurationIsVisible = 0;
			defaultConfigurationName = Release;
		};
/* End XCConfigurationList section */
	};
	rootObject = 29B97313FDCFA39411CA2CEA /* Project object */;
}
